
Microsoft Visual Studio Solution File, Format Version 12.00
# Visual Studio Version 17
VisualStudioVersion = 17.10.34928.147
MinimumVisualStudioVersion = 10.0.40219.1
Project("{FAE04EC0-301F-11D3-BF4B-00C04F79EFBC}") = "Banking-app-by-gaurav-khatri", "Banking-app-by-gaurav-khatri\Banking-app-by-gaurav-khatri.csproj", "{12EDE3AF-3FA5-40CD-B5CC-AE6ABF2EC996}"
EndProject
Global
	GlobalSection(SolutionConfigurationPlatforms) = preSolution
		Debug|Any CPU = Debug|Any CPU
		Release|Any CPU = Release|Any CPU
	EndGlobalSection
	GlobalSection(ProjectConfigurationPlatforms) = postSolution
		{12EDE3AF-3FA5-40CD-B5CC-AE6ABF2EC996}.Debug|Any CPU.ActiveCfg = Debug|Any CPU
		{12EDE3AF-3FA5-40CD-B5CC-AE6ABF2EC996}.Debug|Any CPU.Build.0 = Debug|Any CPU
		{12EDE3AF-3FA5-40CD-B5CC-AE6ABF2EC996}.Release|Any CPU.ActiveCfg = Release|Any CPU
		{12EDE3AF-3FA5-40CD-B5CC-AE6ABF2EC996}.Release|Any CPU.Build.0 = Release|Any CPU
	EndGlobalSection
	GlobalSection(SolutionProperties) = preSolution
		HideSolutionNode = FALSE
	EndGlobalSection
	GlobalSection(ExtensibilityGlobals) = postSolution
		SolutionGuid = {562FF264-2EFB-4FFE-9559-7CBFF8269176}
	EndGlobalSection
EndGlobal
